// !$*UTF8*$!
{
	archiveVersion = 1;
	classes = {
	};
	objectVersion = 50;
	objects = {

/* Begin PBXBuildFile section */
		55DD35C226FD3ABD0061A5C7 /* AppDelegate.swift in Sources */ = {isa = PBXBuildFile; fileRef = 55DD35C126FD3ABD0061A5C7 /* AppDelegate.swift */; };
		55DD35C426FD3ABD0061A5C7 /* SceneDelegate.swift in Sources */ = {isa = PBXBuildFile; fileRef = 55DD35C326FD3ABD0061A5C7 /* SceneDelegate.swift */; };
		55DD35C626FD3ABD0061A5C7 /* ViewController.swift in Sources */ = {isa = PBXBuildFile; fileRef = 55DD35C526FD3ABD0061A5C7 /* ViewController.swift */; };
		55DD35C926FD3ABD0061A5C7 /* Main.storyboard in Resources */ = {isa = PBXBuildFile; fileRef = 55DD35C726FD3ABD0061A5C7 /* Main.storyboard */; };
		55DD35CC26FD3ABD0061A5C7 /* textfield_button.xcdatamodeld in Sources */ = {isa = PBXBuildFile; fileRef = 55DD35CA26FD3ABD0061A5C7 /* textfield_button.xcdatamodeld */; };
		55DD35CE26FD3AC20061A5C7 /* Assets.xcassets in Resources */ = {isa = PBXBuildFile; fileRef = 55DD35CD26FD3AC20061A5C7 /* Assets.xcassets */; };
		55DD35D126FD3AC20061A5C7 /* LaunchScreen.storyboard in Resources */ = {isa = PBXBuildFile; fileRef = 55DD35CF26FD3AC20061A5C7 /* LaunchScreen.storyboard */; };
/* End PBXBuildFile section */

/* Begin PBXFileReference section */
		55DD35BE26FD3ABD0061A5C7 /* textfield+button.app */ = {isa = PBXFileReference; explicitFileType = wrapper.application; includeInIndex = 0; path = "textfield+button.app"; sourceTree = BUILT_PRODUCTS_DIR; };
		55DD35C126FD3ABD0061A5C7 /* AppDelegate.swift */ = {isa = PBXFileReference; lastKnownFileType = sourcecode.swift; path = AppDelegate.swift; sourceTree = "<group>"; };
		55DD35C326FD3ABD0061A5C7 /* SceneDelegate.swift */ = {isa = PBXFileReference; lastKnownFileType = sourcecode.swift; path = SceneDelegate.swift; sourceTree = "<group>"; };
		55DD35C526FD3ABD0061A5C7 /* ViewController.swift */ = {isa = PBXFileReference; lastKnownFileType = sourcecode.swift; path = ViewController.swift; sourceTree = "<group>"; };
		55DD35C826FD3ABD0061A5C7 /* Base */ = {isa = PBXFileReference; lastKnownFileType = file.storyboard; name = Base; path = Base.lproj/Main.storyboard; sourceTree = "<group>"; };
		55DD35CB26FD3ABD0061A5C7 /* textfield_button.xcdatamodel */ = {isa = PBXFileReference; lastKnownFileType = wrapper.xcdatamodel; path = textfield_button.xcdatamodel; sourceTree = "<group>"; };
		55DD35CD26FD3AC20061A5C7 /* Assets.xcassets */ = {isa = PBXFileReference; lastKnownFileType = folder.assetcatalog; path = Assets.xcassets; sourceTree = "<group>"; };
		55DD35D026FD3AC20061A5C7 /* Base */ = {isa = PBXFileReference; lastKnownFileType = file.storyboard; name = Base; path = Base.lproj/LaunchScreen.storyboard; sourceTree = "<group>"; };
		55DD35D226FD3AC20061A5C7 /* Info.plist */ = {isa = PBXFileReference; lastKnownFileType = text.plist.xml; path = Info.plist; sourceTree = "<group>"; };
/* End PBXFileReference section */

/* Begin PBXFrameworksBuildPhase section */
		55DD35BB26FD3ABD0061A5C7 /* Frameworks */ = {
			isa = PBXFrameworksBuildPhase;
			buildActionMask = 2147483647;
			files = (
			);
			runOnlyForDeploymentPostprocessing = 0;
		};
/* End PBXFrameworksBuildPhase section */

/* Begin PBXGroup section */
		55DD35B526FD3ABD0061A5C7 = {
			isa = PBXGroup;
			children = (
				55DD35C026FD3ABD0061A5C7 /* textfield+button */,
				55DD35BF26FD3ABD0061A5C7 /* Products */,
			);
			sourceTree = "<group>";
		};
		55DD35BF26FD3ABD0061A5C7 /* Products */ = {
			isa = PBXGroup;
			children = (
				55DD35BE26FD3ABD0061A5C7 /* textfield+button.app */,
			);
			name = Products;
			sourceTree = "<group>";
		};
		55DD35C026FD3ABD0061A5C7 /* textfield+button */ = {
			isa = PBXGroup;
			children = (
				55DD35C126FD3ABD0061A5C7 /* AppDelegate.swift */,
				55DD35C326FD3ABD0061A5C7 /* SceneDelegate.swift */,
				55DD35C526FD3ABD0061A5C7 /* ViewController.swift */,
				55DD35C726FD3ABD0061A5C7 /* Main.storyboard */,
				55DD35CD26FD3AC20061A5C7 /* Assets.xcassets */,
				55DD35CF26FD3AC20061A5C7 /* LaunchScreen.storyboard */,
				55DD35D226FD3AC20061A5C7 /* Info.plist */,
				55DD35CA26FD3ABD0061A5C7 /* textfield_button.xcdatamodeld */,
			);
			path = "textfield+button";
			sourceTree = "<group>";
		};
/* End PBXGroup section */

/* Begin PBXNativeTarget section */
		55DD35BD26FD3ABD0061A5C7 /* textfield+button */ = {
			isa = PBXNativeTarget;
			buildConfigurationList = 55DD35D526FD3AC20061A5C7 /* Build configuration list for PBXNativeTarget "textfield+button" */;
			buildPhases = (
				55DD35BA26FD3ABD0061A5C7 /* Sources */,
				55DD35BB26FD3ABD0061A5C7 /* Frameworks */,
				55DD35BC26FD3ABD0061A5C7 /* Resources */,
			);
			buildRules = (
			);
			dependencies = (
			);
			name = "textfield+button";
			productName = "textfield+button";
			productReference = 55DD35BE26FD3ABD0061A5C7 /* textfield+button.app */;
			productType = "com.apple.product-type.application";
		};
/* End PBXNativeTarget section */

/* Begin PBXProject section */
		55DD35B626FD3ABD0061A5C7 /* Project object */ = {
			isa = PBXProject;
			attributes = {
				LastSwiftUpdateCheck = 1250;
				LastUpgradeCheck = 1250;
				TargetAttributes = {
					55DD35BD26FD3ABD0061A5C7 = {
						CreatedOnToolsVersion = 12.5.1;
					};
				};
			};
			buildConfigurationList = 55DD35B926FD3ABD0061A5C7 /* Build configuration list for PBXProject "textfield+button" */;
			compatibilityVersion = "Xcode 9.3";
			developmentRegion = en;
			hasScannedForEncodings = 0;
			knownRegions = (
				en,
				Base,
			);
			mainGroup = 55DD35B526FD3ABD0061A5C7;
			productRefGroup = 55DD35BF26FD3ABD0061A5C7 /* Products */;
			projectDirPath = "";
			projectRoot = "";
			targets = (
				55DD35BD26FD3ABD0061A5C7 /* textfield+button */,
			);
		};
/* End PBXProject section */

/* Begin PBXResourcesBuildPhase section */
		55DD35BC26FD3ABD0061A5C7 /* Resources */ = {
			isa = PBXResourcesBuildPhase;
			buildActionMask = 2147483647;
			files = (
				55DD35D126FD3AC20061A5C7 /* LaunchScreen.storyboard in Resources */,
				55DD35CE26FD3AC20061A5C7 /* Assets.xcassets in Resources */,
				55DD35C926FD3ABD0061A5C7 /* Main.storyboard in Resources */,
			);
			runOnlyForDeploymentPostprocessing = 0;
		};
/* End PBXResourcesBuildPhase section */

/* Begin PBXSourcesBuildPhase section */
		55DD35BA26FD3ABD0061A5C7 /* Sources */ = {
			isa = PBXSourcesBuildPhase;
			buildActionMask = 2147483647;
			files = (
				55DD35C626FD3ABD0061A5C7 /* ViewController.swift in Sources */,
				55DD35CC26FD3ABD0061A5C7 /* textfield_button.xcdatamodeld in Sources */,
				55DD35C226FD3ABD0061A5C7 /* AppDelegate.swift in Sources */,
				55DD35C426FD3ABD0061A5C7 /* SceneDelegate.swift in Sources */,
			);
			runOnlyForDeploymentPostprocessing = 0;
		};
/* End PBXSourcesBuildPhase section */

/* Begin PBXVariantGroup section */
		55DD35C726FD3ABD0061A5C7 /* Main.storyboard */ = {
			isa = PBXVariantGroup;
			children = (
				55DD35C826FD3ABD0061A5C7 /* Base */,
			);
			name = Main.storyboard;
			sourceTree = "<group>";
		};
		55DD35CF26FD3AC20061A5C7 /* LaunchScreen.storyboard */ = {
			isa = PBXVariantGroup;
			children = (
				55DD35D026FD3AC20061A5C7 /* Base */,
			);
			name = LaunchScreen.storyboard;
			sourceTree = "<group>";
		};
/* End PBXVariantGroup section */

/* Begin XCBuildConfiguration section */
		55DD35D326FD3AC20061A5C7 /* Debug */ = {
			isa = XCBuildConfiguration;
			buildSettings = {
				ALWAYS_SEARCH_USER_PATHS = NO;
				CLANG_ANALYZER_NONNULL = YES;
				CLANG_ANALYZER_NUMBER_OBJECT_CONVERSION = YES_AGGRESSIVE;
				CLANG_CXX_LANGUAGE_STANDARD = "gnu++14";
				CLANG_CXX_LIBRARY = "libc++";
				CLANG_ENABLE_MODULES = YES;
				CLANG_ENABLE_OBJC_ARC = YES;
				CLANG_ENABLE_OBJC_WEAK = YES;
				CLANG_WARN_BLOCK_CAPTURE_AUTORELEASING = YES;
				CLANG_WARN_BOOL_CONVERSION = YES;
				CLANG_WARN_COMMA = YES;
				CLANG_WARN_CONSTANT_CONVERSION = YES;
				CLANG_WARN_DEPRECATED_OBJC_IMPLEMENTATIONS = YES;
				CLANG_WARN_DIRECT_OBJC_ISA_USAGE = YES_ERROR;
				CLANG_WARN_DOCUMENTATION_COMMENTS = YES;
				CLANG_WARN_EMPTY_BODY = YES;
				CLANG_WARN_ENUM_CONVERSION = YES;
				CLANG_WARN_INFINITE_RECURSION = YES;
				CLANG_WARN_INT_CONVERSION = YES;
				CLANG_WARN_NON_LITERAL_NULL_CONVERSION = YES;
				CLANG_WARN_OBJC_IMPLICIT_RETAIN_SELF = YES;
				CLANG_WARN_OBJC_LITERAL_CONVERSION = YES;
				CLANG_WARN_OBJC_ROOT_CLASS = YES_ERROR;
				CLANG_WARN_QUOTED_INCLUDE_IN_FRAMEWORK_HEADER = YES;
				CLANG_WARN_RANGE_LOOP_ANALYSIS = YES;
				CLANG_WARN_STRICT_PROTOTYPES = YES;
				CLANG_WARN_SUSPICIOUS_MOVE = YES;
				CLANG_WARN_UNGUARDED_AVAILABILITY = YES_AGGRESSIVE;
				CLANG_WARN_UNREACHABLE_CODE = YES;
				CLANG_WARN__DUPLICATE_METHOD_MATCH = YES;
				COPY_PHASE_STRIP = NO;
				DEBUG_INFORMATION_FORMAT = dwarf;
				ENABLE_STRICT_OBJC_MSGSEND = YES;
				ENABLE_TESTABILITY = YES;
				GCC_C_LANGUAGE_STANDARD = gnu11;
				GCC_DYNAMIC_NO_PIC = NO;
				GCC_NO_COMMON_BLOCKS = YES;
				GCC_OPTIMIZATION_LEVEL = 0;
				GCC_PREPROCESSOR_DEFINITIONS = (
					"DEBUG=1",
					"$(inherited)",
				);
				GCC_WARN_64_TO_32_BIT_CONVERSION = YES;
				GCC_WARN_ABOUT_RETURN_TYPE = YES_ERROR;
				GCC_WARN_UNDECLARED_SELECTOR = YES;
				GCC_WARN_UNINITIALIZED_AUTOS = YES_AGGRESSIVE;
				GCC_WARN_UNUSED_FUNCTION = YES;
				GCC_WARN_UNUSED_VARIABLE = YES;
				IPHONEOS_DEPLOYMENT_TARGET = 14.5;
				MTL_ENABLE_DEBUG_INFO = INCLUDE_SOURCE;
				MTL_FAST_MATH = YES;
				ONLY_ACTIVE_ARCH = YES;
				SDKROOT = iphoneos;
				SWIFT_ACTIVE_COMPILATION_CONDITIONS = DEBUG;
				SWIFT_OPTIMIZATION_LEVEL = "-Onone";
			};
			name = Debug;
		};
		55DD35D426FD3AC20061A5C7 /* Release */ = {
			isa = XCBuildConfiguration;
			buildSettings = {
				ALWAYS_SEARCH_USER_PATHS = NO;
				CLANG_ANALYZER_NONNULL = YES;
				CLANG_ANALYZER_NUMBER_OBJECT_CONVERSION = YES_AGGRESSIVE;
				CLANG_CXX_LANGUAGE_STANDARD = "gnu++14";
				CLANG_CXX_LIBRARY = "libc++";
				CLANG_ENABLE_MODULES = YES;
				CLANG_ENABLE_OBJC_ARC = YES;
				CLANG_ENABLE_OBJC_WEAK = YES;
				CLANG_WARN_BLOCK_CAPTURE_AUTORELEASING = YES;
				CLANG_WARN_BOOL_CONVERSION = YES;
				CLANG_WARN_COMMA = YES;
				CLANG_WARN_CONSTANT_CONVERSION = YES;
				CLANG_WARN_DEPRECATED_OBJC_IMPLEMENTATIONS = YES;
				CLANG_WARN_DIRECT_OBJC_ISA_USAGE = YES_ERROR;
				CLANG_WARN_DOCUMENTATION_COMMENTS = YES;
				CLANG_WARN_EMPTY_BODY = YES;
				CLANG_WARN_ENUM_CONVERSION = YES;
				CLANG_WARN_INFINITE_RECURSION = YES;
				CLANG_WARN_INT_CONVERSION = YES;
				CLANG_WARN_NON_LITERAL_NULL_CONVERSION = YES;
				CLANG_WARN_OBJC_IMPLICIT_RETAIN_SELF = YES;
				CLANG_WARN_OBJC_LITERAL_CONVERSION = YES;
				CLANG_WARN_OBJC_ROOT_CLASS = YES_ERROR;
				CLANG_WARN_QUOTED_INCLUDE_IN_FRAMEWORK_HEADER = YES;
				CLANG_WARN_RANGE_LOOP_ANALYSIS = YES;
				CLANG_WARN_STRICT_PROTOTYPES = YES;
				CLANG_WARN_SUSPICIOUS_MOVE = YES;
				CLANG_WARN_UNGUARDED_AVAILABILITY = YES_AGGRESSIVE;
				CLANG_WARN_UNREACHABLE_CODE = YES;
				CLANG_WARN__DUPLICATE_METHOD_MATCH = YES;
				COPY_PHASE_STRIP = NO;
				DEBUG_INFORMATION_FORMAT = "dwarf-with-dsym";
				ENABLE_NS_ASSERTIONS = NO;
				ENABLE_STRICT_OBJC_MSGSEND = YES;
				GCC_C_LANGUAGE_STANDARD = gnu11;
				GCC_NO_COMMON_BLOCKS = YES;
				GCC_WARN_64_TO_32_BIT_CONVERSION = YES;
				GCC_WARN_ABOUT_RETURN_TYPE = YES_ERROR;
				GCC_WARN_UNDECLARED_SELECTOR = YES;
				GCC_WARN_UNINITIALIZED_AUTOS = YES_AGGRESSIVE;
				GCC_WARN_UNUSED_FUNCTION = YES;
				GCC_WARN_UNUSED_VARIABLE = YES;
				IPHONEOS_DEPLOYMENT_TARGET = 14.5;
				MTL_ENABLE_DEBUG_INFO = NO;
				MTL_FAST_MATH = YES;
				SDKROOT = iphoneos;
				SWIFT_COMPILATION_MODE = wholemodule;
				SWIFT_OPTIMIZATION_LEVEL = "-O";
				VALIDATE_PRODUCT = YES;
			};
			name = Release;
		};
		55DD35D626FD3AC20061A5C7 /* Debug */ = {
			isa = XCBuildConfiguration;
			buildSettings = {
				ASSETCATALOG_COMPILER_APPICON_NAME = AppIcon;
				ASSETCATALOG_COMPILER_GLOBAL_ACCENT_COLOR_NAME = AccentColor;
				CODE_SIGN_STYLE = Automatic;
				INFOPLIST_FILE = "textfield+button/Info.plist";
				LD_RUNPATH_SEARCH_PATHS = (
					"$(inherited)",
					"@executable_path/Frameworks",
				);
				PRODUCT_BUNDLE_IDENTIFIER = "Harris-Ali.textfield-button";
				PRODUCT_NAME = "$(TARGET_NAME)";
				SWIFT_VERSION = 5.0;
				TARGETED_DEVICE_FAMILY = "1,2";
			};
			name = Debug;
		};
		55DD35D726FD3AC20061A5C7 /* Release */ = {
			isa = XCBuildConfiguration;
			buildSettings = {
				ASSETCATALOG_COMPILER_APPICON_NAME = AppIcon;
				ASSETCATALOG_COMPILER_GLOBAL_ACCENT_COLOR_NAME = AccentColor;
				CODE_SIGN_STYLE = Automatic;
				INFOPLIST_FILE = "textfield+button/Info.plist";
				LD_RUNPATH_SEARCH_PATHS = (
					"$(inherited)",
					"@executable_path/Frameworks",
				);
				PRODUCT_BUNDLE_IDENTIFIER = "Harris-Ali.textfield-button";
				PRODUCT_NAME = "$(TARGET_NAME)";
				SWIFT_VERSION = 5.0;
				TARGETED_DEVICE_FAMILY = "1,2";
			};
			name = Release;
		};
/* End XCBuildConfiguration section */

/* Begin XCConfigurationList section */
		55DD35B926FD3ABD0061A5C7 /* Build configuration list for PBXProject "textfield+button" */ = {
			isa = XCConfigurationList;
			buildConfigurations = (
				55DD35D326FD3AC20061A5C7 /* Debug */,
				55DD35D426FD3AC20061A5C7 /* Release */,
			);
			defaultConfigurationIsVisible = 0;
			defaultConfigurationName = Release;
		};
		55DD35D526FD3AC20061A5C7 /* Build configuration list for PBXNativeTarget "textfield+button" */ = {
			isa = XCConfigurationList;
			buildConfigurations = (
				55DD35D626FD3AC20061A5C7 /* Debug */,
				55DD35D726FD3AC20061A5C7 /* Release */,
			);
			defaultConfigurationIsVisible = 0;
			defaultConfigurationName = Release;
		};
/* End XCConfigurationList section */

/* Begin XCVersionGroup section */
		55DD35CA26FD3ABD0061A5C7 /* textfield_button.xcdatamodeld */ = {
			isa = XCVersionGroup;
			children = (
				55DD35CB26FD3ABD0061A5C7 /* textfield_button.xcdatamodel */,
			);
			currentVersion = 55DD35CB26FD3ABD0061A5C7 /* textfield_button.xcdatamodel */;
			path = textfield_button.xcdatamodeld;
			sourceTree = "<group>";
			versionGroupType = wrapper.xcdatamodel;
		};
/* End XCVersionGroup section */
	};
	rootObject = 55DD35B626FD3ABD0061A5C7 /* Project object */;
}
